
Microsoft Visual Studio Solution File, Format Version 12.00
# Visual Studio 15
VisualStudioVersion = 15.0.28307.168
MinimumVisualStudioVersion = 10.0.40219.1
Project("{9A19103F-16F7-4668-BE54-9A1E7A4F7556}") = "dotnetStats", "dotnetStats\dotnetStats.csproj", "{C5A42BC1-6526-487D-93BC-AAA5BFB085EE}"
EndProject
Project("{9A19103F-16F7-4668-BE54-9A1E7A4F7556}") = "Tests", "Tests\Tests.csproj", "{DCB18A97-30F4-4D28-87A3-CC6159CC1ADE}"
EndProject
Global
	GlobalSection(SolutionConfigurationPlatforms) = preSolution
		Debug|Any CPU = Debug|Any CPU
		Release|Any CPU = Release|Any CPU
	EndGlobalSection
	GlobalSection(ProjectConfigurationPlatforms) = postSolution
		{C5A42BC1-6526-487D-93BC-AAA5BFB085EE}.Debug|Any CPU.ActiveCfg = Debug|Any CPU
		{C5A42BC1-6526-487D-93BC-AAA5BFB085EE}.Debug|Any CPU.Build.0 = Debug|Any CPU
		{C5A42BC1-6526-487D-93BC-AAA5BFB085EE}.Release|Any CPU.ActiveCfg = Release|Any CPU
		{C5A42BC1-6526-487D-93BC-AAA5BFB085EE}.Release|Any CPU.Build.0 = Release|Any CPU
		{DCB18A97-30F4-4D28-87A3-CC6159CC1ADE}.Debug|Any CPU.ActiveCfg = Debug|Any CPU
		{DCB18A97-30F4-4D28-87A3-CC6159CC1ADE}.Debug|Any CPU.Build.0 = Debug|Any CPU
		{DCB18A97-30F4-4D28-87A3-CC6159CC1ADE}.Release|Any CPU.ActiveCfg = Release|Any CPU
		{DCB18A97-30F4-4D28-87A3-CC6159CC1ADE}.Release|Any CPU.Build.0 = Release|Any CPU
	EndGlobalSection
	GlobalSection(SolutionProperties) = preSolution
		HideSolutionNode = FALSE
	EndGlobalSection
	GlobalSection(ExtensibilityGlobals) = postSolution
		SolutionGuid = {1D03DA66-061E-41CA-B7F4-D519A2CF16AA}
	EndGlobalSection
EndGlobal
